
Microsoft Visual Studio Solution File, Format Version 12.00
# Visual Studio Version 17
VisualStudioVersion = 17.14.36511.14
MinimumVisualStudioVersion = 10.0.40219.1
Project("{2150E333-8FDC-42A3-9474-1A3956D46DE8}") = "Task0", "Task0", "{02EA681E-C7D8-13C7-8484-4AC65E1B71E8}"
EndProject
Project("{FAE04EC0-301F-11D3-BF4B-00C04F79EFBC}") = "Tyuiu.DolganovAV.Sprint6.Task0.V7", "Tyuiu.DolganovAV.Sprint6.Task0.V7\Tyuiu.DolganovAV.Sprint6.Task0.V7.csproj", "{840377F1-20F1-4EF2-B41E-30C7B3A65C66}"
EndProject
Project("{FAE04EC0-301F-11D3-BF4B-00C04F79EFBC}") = "Tyuiu.DolganovAV.Sprint6.Task0.V7.Test", "Tyuiu.DolganovAV.Sprint6.Task0.V7.Test\Tyuiu.DolganovAV.Sprint6.Task0.V7.Test.csproj", "{0B492EB5-7C8D-4F0F-9AB0-766041709046}"
EndProject
Project("{FAE04EC0-301F-11D3-BF4B-00C04F79EFBC}") = "Tyuiu.DolganovAV.Sprint6.Task0.V7.Lib", "Tyuiu.DolganovAV.Sprint6.Task0.V7.Lib\Tyuiu.DolganovAV.Sprint6.Task0.V7.Lib.csproj", "{1A907A5B-D19C-4EB7-8304-3A2C78825DF3}"
EndProject
Project("{2150E333-8FDC-42A3-9474-1A3956D46DE8}") = "Task1", "Task1", "{50353917-7C48-4035-B75C-D1301695FA15}"
EndProject
Project("{FAE04EC0-301F-11D3-BF4B-00C04F79EFBC}") = "Tyuiu.DolganovAV.Sprint6.Task1.V26.Test", "Tyuiu.DolganovAV.Sprint6.Task1.V26.Test\Tyuiu.DolganovAV.Sprint6.Task1.V26.Test.csproj", "{80AD8F5E-7209-440A-9ACC-8ED574A9D12D}"
EndProject
Project("{FAE04EC0-301F-11D3-BF4B-00C04F79EFBC}") = "Tyuiu.DolganovAV.Sprint6.Task1.V26.Lib", "Tyuiu.DolganovAV.Sprint6.Task1.V26.Lib\Tyuiu.DolganovAV.Sprint6.Task1.V26.Lib.csproj", "{68E20190-6CD5-437C-8FB1-32C5EE98797A}"
EndProject
Project("{FAE04EC0-301F-11D3-BF4B-00C04F79EFBC}") = "Tyuiu.DolganovAV.Sprint6.Task1.V26", "Tyuiu.DolganovAV.Sprint6.Task1.V26\Tyuiu.DolganovAV.Sprint6.Task1.V26.csproj", "{B1EFA86D-DDE9-4163-8BB8-8AE0E049C40A}"
EndProject
Project("{2150E333-8FDC-42A3-9474-1A3956D46DE8}") = "Task2", "Task2", "{B6CB7277-92FB-4F31-8C23-D428F84B158F}"
EndProject
Project("{FAE04EC0-301F-11D3-BF4B-00C04F79EFBC}") = "Tyuiu.DolganovAV.Sprint6.Task2.V17.Lib", "Tyuiu.DolganovAV.Sprint6.Task2.V17.Lib\Tyuiu.DolganovAV.Sprint6.Task2.V17.Lib.csproj", "{79F60B00-BF39-4674-9C5E-F4F4174D1654}"
EndProject
Project("{FAE04EC0-301F-11D3-BF4B-00C04F79EFBC}") = "Tyuiu.DolganovAV.Sprint6.Task2.V17.Test", "Tyuiu.DolganovAV.Sprint6.Task2.V17.Test\Tyuiu.DolganovAV.Sprint6.Task2.V17.Test.csproj", "{0767093D-0F79-467D-AC98-CDF06EFB2F87}"
EndProject
Project("{FAE04EC0-301F-11D3-BF4B-00C04F79EFBC}") = "Tyuiu.DolganovAV.Sprint6.Task2.V17", "Tyuiu.DolganovAV.Sprint6.Task2.V17\Tyuiu.DolganovAV.Sprint6.Task2.V17.csproj", "{68E3286E-86F8-4004-BBF6-79E1CE7F1DBE}"
EndProject
Project("{2150E333-8FDC-42A3-9474-1A3956D46DE8}") = "Task3", "Task3", "{7F4DC447-559F-4D5F-B225-DF654C8F526D}"
EndProject
Project("{FAE04EC0-301F-11D3-BF4B-00C04F79EFBC}") = "Tyuiu.DolganovAV.Sprint6.Task3.V6.Lib", "Tyuiu.DolganovAV.Sprint6.Task3.V6.Lib\Tyuiu.DolganovAV.Sprint6.Task3.V6.Lib.csproj", "{A38667D4-6F5B-4D6C-950B-753ECBD8928F}"
EndProject
Project("{FAE04EC0-301F-11D3-BF4B-00C04F79EFBC}") = "Tyuiu.DolganovAV.Sprint6.Task3.V6.Test", "Tyuiu.DolganovAV.Sprint6.Task3.V6.Test\Tyuiu.DolganovAV.Sprint6.Task3.V6.Test.csproj", "{DC4AC8CE-512B-4924-8118-651844B86343}"
EndProject
Project("{FAE04EC0-301F-11D3-BF4B-00C04F79EFBC}") = "Tyuiu.DolganovAV.Sprint6.Task3.V6", "Tyuiu.DolganovAV.Sprint6.Task3.V6\Tyuiu.DolganovAV.Sprint6.Task3.V6.csproj", "{49528177-EAE4-4DD7-A831-A1D3DA93FFB2}"
EndProject
Project("{2150E333-8FDC-42A3-9474-1A3956D46DE8}") = "Task4", "Task4", "{46DD81FA-AFE8-4139-907D-B97E239E007F}"
EndProject
Project("{FAE04EC0-301F-11D3-BF4B-00C04F79EFBC}") = "Tyuiu.DolganovAV.Sprint6.Task4.V25.Lib", "Tyuiu.DolganovAV.Sprint6.Task4.V25.Lib\Tyuiu.DolganovAV.Sprint6.Task4.V25.Lib.csproj", "{C3AB6AFA-B86E-4D68-ADD9-28D70C3C63CE}"
EndProject
Project("{FAE04EC0-301F-11D3-BF4B-00C04F79EFBC}") = "Tyuiu.DolganovAV.Sprint6.Task4.V25.Test", "Tyuiu.DolganovAV.Sprint6.Task4.V25.Test\Tyuiu.DolganovAV.Sprint6.Task4.V25.Test.csproj", "{1F7B4E7D-C4A3-49FE-B6CD-DC08817BECD0}"
EndProject
Project("{FAE04EC0-301F-11D3-BF4B-00C04F79EFBC}") = "Tyuiu.DolganovAV.Sprint6.Task4.V25", "Tyuiu.DolganovAV.Sprint6.Task4.V25\Tyuiu.DolganovAV.Sprint6.Task4.V25.csproj", "{F60C4DB4-CC99-49B4-9CE0-49B04C554C20}"
EndProject
Global
	GlobalSection(SolutionConfigurationPlatforms) = preSolution
		Debug|Any CPU = Debug|Any CPU
		Release|Any CPU = Release|Any CPU
	EndGlobalSection
	GlobalSection(ProjectConfigurationPlatforms) = postSolution
		{840377F1-20F1-4EF2-B41E-30C7B3A65C66}.Debug|Any CPU.ActiveCfg = Debug|Any CPU
		{840377F1-20F1-4EF2-B41E-30C7B3A65C66}.Debug|Any CPU.Build.0 = Debug|Any CPU
		{840377F1-20F1-4EF2-B41E-30C7B3A65C66}.Release|Any CPU.ActiveCfg = Release|Any CPU
		{840377F1-20F1-4EF2-B41E-30C7B3A65C66}.Release|Any CPU.Build.0 = Release|Any CPU
		{0B492EB5-7C8D-4F0F-9AB0-766041709046}.Debug|Any CPU.ActiveCfg = Debug|Any CPU
		{0B492EB5-7C8D-4F0F-9AB0-766041709046}.Debug|Any CPU.Build.0 = Debug|Any CPU
		{0B492EB5-7C8D-4F0F-9AB0-766041709046}.Release|Any CPU.ActiveCfg = Release|Any CPU
		{0B492EB5-7C8D-4F0F-9AB0-766041709046}.Release|Any CPU.Build.0 = Release|Any CPU
		{1A907A5B-D19C-4EB7-8304-3A2C78825DF3}.Debug|Any CPU.ActiveCfg = Debug|Any CPU
		{1A907A5B-D19C-4EB7-8304-3A2C78825DF3}.Debug|Any CPU.Build.0 = Debug|Any CPU
		{1A907A5B-D19C-4EB7-8304-3A2C78825DF3}.Release|Any CPU.ActiveCfg = Release|Any CPU
		{1A907A5B-D19C-4EB7-8304-3A2C78825DF3}.Release|Any CPU.Build.0 = Release|Any CPU
		{80AD8F5E-7209-440A-9ACC-8ED574A9D12D}.Debug|Any CPU.ActiveCfg = Debug|Any CPU
		{80AD8F5E-7209-440A-9ACC-8ED574A9D12D}.Debug|Any CPU.Build.0 = Debug|Any CPU
		{80AD8F5E-7209-440A-9ACC-8ED574A9D12D}.Release|Any CPU.ActiveCfg = Release|Any CPU
		{80AD8F5E-7209-440A-9ACC-8ED574A9D12D}.Release|Any CPU.Build.0 = Release|Any CPU
		{68E20190-6CD5-437C-8FB1-32C5EE98797A}.Debug|Any CPU.ActiveCfg = Debug|Any CPU
		{68E20190-6CD5-437C-8FB1-32C5EE98797A}.Debug|Any CPU.Build.0 = Debug|Any CPU
		{68E20190-6CD5-437C-8FB1-32C5EE98797A}.Release|Any CPU.ActiveCfg = Release|Any CPU
		{68E20190-6CD5-437C-8FB1-32C5EE98797A}.Release|Any CPU.Build.0 = Release|Any CPU
		{B1EFA86D-DDE9-4163-8BB8-8AE0E049C40A}.Debug|Any CPU.ActiveCfg = Debug|Any CPU
		{B1EFA86D-DDE9-4163-8BB8-8AE0E049C40A}.Debug|Any CPU.Build.0 = Debug|Any CPU
		{B1EFA86D-DDE9-4163-8BB8-8AE0E049C40A}.Release|Any CPU.ActiveCfg = Release|Any CPU
		{B1EFA86D-DDE9-4163-8BB8-8AE0E049C40A}.Release|Any CPU.Build.0 = Release|Any CPU
		{79F60B00-BF39-4674-9C5E-F4F4174D1654}.Debug|Any CPU.ActiveCfg = Debug|Any CPU
		{79F60B00-BF39-4674-9C5E-F4F4174D1654}.Debug|Any CPU.Build.0 = Debug|Any CPU
		{79F60B00-BF39-4674-9C5E-F4F4174D1654}.Release|Any CPU.ActiveCfg = Release|Any CPU
		{79F60B00-BF39-4674-9C5E-F4F4174D1654}.Release|Any CPU.Build.0 = Release|Any CPU
		{0767093D-0F79-467D-AC98-CDF06EFB2F87}.Debug|Any CPU.ActiveCfg = Debug|Any CPU
		{0767093D-0F79-467D-AC98-CDF06EFB2F87}.Debug|Any CPU.Build.0 = Debug|Any CPU
		{0767093D-0F79-467D-AC98-CDF06EFB2F87}.Release|Any CPU.ActiveCfg = Release|Any CPU
		{0767093D-0F79-467D-AC98-CDF06EFB2F87}.Release|Any CPU.Build.0 = Release|Any CPU
		{68E3286E-86F8-4004-BBF6-79E1CE7F1DBE}.Debug|Any CPU.ActiveCfg = Debug|Any CPU
		{68E3286E-86F8-4004-BBF6-79E1CE7F1DBE}.Debug|Any CPU.Build.0 = Debug|Any CPU
		{68E3286E-86F8-4004-BBF6-79E1CE7F1DBE}.Release|Any CPU.ActiveCfg = Release|Any CPU
		{68E3286E-86F8-4004-BBF6-79E1CE7F1DBE}.Release|Any CPU.Build.0 = Release|Any CPU
		{A38667D4-6F5B-4D6C-950B-753ECBD8928F}.Debug|Any CPU.ActiveCfg = Debug|Any CPU
		{A38667D4-6F5B-4D6C-950B-753ECBD8928F}.Debug|Any CPU.Build.0 = Debug|Any CPU
		{A38667D4-6F5B-4D6C-950B-753ECBD8928F}.Release|Any CPU.ActiveCfg = Release|Any CPU
		{A38667D4-6F5B-4D6C-950B-753ECBD8928F}.Release|Any CPU.Build.0 = Release|Any CPU
		{DC4AC8CE-512B-4924-8118-651844B86343}.Debug|Any CPU.ActiveCfg = Debug|Any CPU
		{DC4AC8CE-512B-4924-8118-651844B86343}.Debug|Any CPU.Build.0 = Debug|Any CPU
		{DC4AC8CE-512B-4924-8118-651844B86343}.Release|Any CPU.ActiveCfg = Release|Any CPU
		{DC4AC8CE-512B-4924-8118-651844B86343}.Release|Any CPU.Build.0 = Release|Any CPU
		{49528177-EAE4-4DD7-A831-A1D3DA93FFB2}.Debug|Any CPU.ActiveCfg = Debug|Any CPU
		{49528177-EAE4-4DD7-A831-A1D3DA93FFB2}.Debug|Any CPU.Build.0 = Debug|Any CPU
		{49528177-EAE4-4DD7-A831-A1D3DA93FFB2}.Release|Any CPU.ActiveCfg = Release|Any CPU
		{49528177-EAE4-4DD7-A831-A1D3DA93FFB2}.Release|Any CPU.Build.0 = Release|Any CPU
		{C3AB6AFA-B86E-4D68-ADD9-28D70C3C63CE}.Debug|Any CPU.ActiveCfg = Debug|Any CPU
		{C3AB6AFA-B86E-4D68-ADD9-28D70C3C63CE}.Debug|Any CPU.Build.0 = Debug|Any CPU
		{C3AB6AFA-B86E-4D68-ADD9-28D70C3C63CE}.Release|Any CPU.ActiveCfg = Release|Any CPU
		{C3AB6AFA-B86E-4D68-ADD9-28D70C3C63CE}.Release|Any CPU.Build.0 = Release|Any CPU
		{1F7B4E7D-C4A3-49FE-B6CD-DC08817BECD0}.Debug|Any CPU.ActiveCfg = Debug|Any CPU
		{1F7B4E7D-C4A3-49FE-B6CD-DC08817BECD0}.Debug|Any CPU.Build.0 = Debug|Any CPU
		{1F7B4E7D-C4A3-49FE-B6CD-DC08817BECD0}.Release|Any CPU.ActiveCfg = Release|Any CPU
		{1F7B4E7D-C4A3-49FE-B6CD-DC08817BECD0}.Release|Any CPU.Build.0 = Release|Any CPU
		{F60C4DB4-CC99-49B4-9CE0-49B04C554C20}.Debug|Any CPU.ActiveCfg = Debug|Any CPU
		{F60C4DB4-CC99-49B4-9CE0-49B04C554C20}.Debug|Any CPU.Build.0 = Debug|Any CPU
		{F60C4DB4-CC99-49B4-9CE0-49B04C554C20}.Release|Any CPU.ActiveCfg = Release|Any CPU
		{F60C4DB4-CC99-49B4-9CE0-49B04C554C20}.Release|Any CPU.Build.0 = Release|Any CPU
	EndGlobalSection
	GlobalSection(SolutionProperties) = preSolution
		HideSolutionNode = FALSE
	EndGlobalSection
	GlobalSection(NestedProjects) = preSolution
		{840377F1-20F1-4EF2-B41E-30C7B3A65C66} = {02EA681E-C7D8-13C7-8484-4AC65E1B71E8}
		{0B492EB5-7C8D-4F0F-9AB0-766041709046} = {02EA681E-C7D8-13C7-8484-4AC65E1B71E8}
		{1A907A5B-D19C-4EB7-8304-3A2C78825DF3} = {02EA681E-C7D8-13C7-8484-4AC65E1B71E8}
		{80AD8F5E-7209-440A-9ACC-8ED574A9D12D} = {50353917-7C48-4035-B75C-D1301695FA15}
		{68E20190-6CD5-437C-8FB1-32C5EE98797A} = {50353917-7C48-4035-B75C-D1301695FA15}
		{B1EFA86D-DDE9-4163-8BB8-8AE0E049C40A} = {50353917-7C48-4035-B75C-D1301695FA15}
		{79F60B00-BF39-4674-9C5E-F4F4174D1654} = {B6CB7277-92FB-4F31-8C23-D428F84B158F}
		{0767093D-0F79-467D-AC98-CDF06EFB2F87} = {B6CB7277-92FB-4F31-8C23-D428F84B158F}
		{68E3286E-86F8-4004-BBF6-79E1CE7F1DBE} = {B6CB7277-92FB-4F31-8C23-D428F84B158F}
		{A38667D4-6F5B-4D6C-950B-753ECBD8928F} = {7F4DC447-559F-4D5F-B225-DF654C8F526D}
		{DC4AC8CE-512B-4924-8118-651844B86343} = {7F4DC447-559F-4D5F-B225-DF654C8F526D}
		{49528177-EAE4-4DD7-A831-A1D3DA93FFB2} = {7F4DC447-559F-4D5F-B225-DF654C8F526D}
		{C3AB6AFA-B86E-4D68-ADD9-28D70C3C63CE} = {46DD81FA-AFE8-4139-907D-B97E239E007F}
		{1F7B4E7D-C4A3-49FE-B6CD-DC08817BECD0} = {46DD81FA-AFE8-4139-907D-B97E239E007F}
		{F60C4DB4-CC99-49B4-9CE0-49B04C554C20} = {46DD81FA-AFE8-4139-907D-B97E239E007F}
	EndGlobalSection
	GlobalSection(ExtensibilityGlobals) = postSolution
		SolutionGuid = {7738C3E0-3A4C-4836-B4D6-CC6379E9B97D}
	EndGlobalSection
EndGlobal
